
Microsoft Visual Studio Solution File, Format Version 12.00
# Visual Studio Version 16
VisualStudioVersion = 16.0.31105.61
MinimumVisualStudioVersion = 10.0.40219.1
Project("{FAE04EC0-301F-11D3-BF4B-00C04F79EFBC}") = "CSplayer", "CSplayer\CSplayer.csproj", "{C02BB365-5848-4A44-B1F2-1DC7FFF94A97}"
EndProject
Global
	GlobalSection(SolutionConfigurationPlatforms) = preSolution
		Debug|Any CPU = Debug|Any CPU
		Release|Any CPU = Release|Any CPU
	EndGlobalSection
	GlobalSection(ProjectConfigurationPlatforms) = postSolution
		{C02BB365-5848-4A44-B1F2-1DC7FFF94A97}.Debug|Any CPU.ActiveCfg = Debug|Any CPU
		{C02BB365-5848-4A44-B1F2-1DC7FFF94A97}.Debug|Any CPU.Build.0 = Debug|Any CPU
		{C02BB365-5848-4A44-B1F2-1DC7FFF94A97}.Release|Any CPU.ActiveCfg = Release|Any CPU
		{C02BB365-5848-4A44-B1F2-1DC7FFF94A97}.Release|Any CPU.Build.0 = Release|Any CPU
	EndGlobalSection
	GlobalSection(SolutionProperties) = preSolution
		HideSolutionNode = FALSE
	EndGlobalSection
	GlobalSection(ExtensibilityGlobals) = postSolution
		SolutionGuid = {32D24F10-EEA3-4E7F-B45B-448FCA8B7345}
	EndGlobalSection
EndGlobal
